
Microsoft Visual Studio Solution File, Format Version 12.00
# Visual Studio Version 16
VisualStudioVersion = 16.0.28917.181
MinimumVisualStudioVersion = 10.0.40219.1
Project("{FAE04EC0-301F-11D3-BF4B-00C04F79EFBC}") = "myhomeTasks", "myhomeTasks\myhomeTasks.csproj", "{72E4F0E2-8E37-44D0-9A9D-634095A77E04}"
EndProject
Global
	GlobalSection(SolutionConfigurationPlatforms) = preSolution
		Debug|Any CPU = Debug|Any CPU
		Release|Any CPU = Release|Any CPU
	EndGlobalSection
	GlobalSection(ProjectConfigurationPlatforms) = postSolution
		{72E4F0E2-8E37-44D0-9A9D-634095A77E04}.Debug|Any CPU.ActiveCfg = Debug|Any CPU
		{72E4F0E2-8E37-44D0-9A9D-634095A77E04}.Debug|Any CPU.Build.0 = Debug|Any CPU
		{72E4F0E2-8E37-44D0-9A9D-634095A77E04}.Release|Any CPU.ActiveCfg = Release|Any CPU
		{72E4F0E2-8E37-44D0-9A9D-634095A77E04}.Release|Any CPU.Build.0 = Release|Any CPU
	EndGlobalSection
	GlobalSection(SolutionProperties) = preSolution
		HideSolutionNode = FALSE
	EndGlobalSection
	GlobalSection(ExtensibilityGlobals) = postSolution
		SolutionGuid = {BF273589-D3CE-4693-A548-56EB25541D51}
	EndGlobalSection
EndGlobal
